
Microsoft Visual Studio Solution File, Format Version 12.00
# Visual Studio Version 17
VisualStudioVersion = 17.0.32014.148
MinimumVisualStudioVersion = 10.0.40219.1
Project("{2150E333-8FDC-42A3-9474-1A3956D46DE8}") = "Sinyi.Customers", "Sinyi.Customers", "{88E74EFB-7014-444B-9892-98FF4727938C}"
EndProject
Project("{9A19103F-16F7-4668-BE54-9A1E7A4F7556}") = "Sinyi.Customers", "Sinyi.Customer\Sinyi.Customers.csproj", "{3F8DF0D3-A522-4747-AB73-EC822668CEDB}"
EndProject
Project("{9A19103F-16F7-4668-BE54-9A1E7A4F7556}") = "Sinyi.Customers.Hosting", "Sinyi.Customer.Hosting\Sinyi.Customers.Hosting.csproj", "{D9097741-71AB-4FD3-A168-3CC57208A4E9}"
EndProject
Project("{9A19103F-16F7-4668-BE54-9A1E7A4F7556}") = "Sinyi.Customers.Accesses", "Sinyi.Customer.Accesses\Sinyi.Customers.Accesses.csproj", "{5F02B73C-3AE3-4E17-9EBA-16A796A02FA1}"
EndProject
Project("{9A19103F-16F7-4668-BE54-9A1E7A4F7556}") = "Sinyi.Customers.Services", "Sinyi.Customer.Services\Sinyi.Customers.Services.csproj", "{D5DCB72F-1C18-404A-B5DA-EC98D2AB5ABD}"
EndProject
Project("{2150E333-8FDC-42A3-9474-1A3956D46DE8}") = "01.Sinyi.SuperAgent", "01.Sinyi.SuperAgent", "{3709B67C-91FB-4FBE-80C9-8DF0B3A62BAB}"
EndProject
Project("{2150E333-8FDC-42A3-9474-1A3956D46DE8}") = "02.Sinyi", "02.Sinyi", "{02C944F4-06EB-449E-8DFF-FF674537E3DB}"
EndProject
Project("{9A19103F-16F7-4668-BE54-9A1E7A4F7556}") = "Sinyi.SuperAgent.WebPlatform", "Sinyi.SuperAgent.WebPlatform\Sinyi.SuperAgent.WebPlatform.csproj", "{D521AF83-F809-4555-8E3D-3F76E35DF388}"
EndProject
Project("{9A19103F-16F7-4668-BE54-9A1E7A4F7556}") = "Sinyi.SuperAgent.WebApp", "Sinyi.SuperAgent.WebApp\Sinyi.SuperAgent.WebApp.csproj", "{95617A39-200A-46AD-960B-1E949A7FC6D0}"
EndProject
Project("{2150E333-8FDC-42A3-9474-1A3956D46DE8}") = "Sinyi.Caching", "Sinyi.Caching", "{A3EF8A23-FE45-4315-844A-8B3FAC9B8DE0}"
EndProject
Project("{2150E333-8FDC-42A3-9474-1A3956D46DE8}") = "03.Layer 3 Middle Platform", "03.Layer 3 Middle Platform", "{53021181-D826-469A-9BD6-676EA6A14149}"
EndProject
Project("{9A19103F-16F7-4668-BE54-9A1E7A4F7556}") = "Sinyi.Caching", "Sinyi.Caching\Sinyi.Caching.csproj", "{9DA4876F-D3F0-41D9-88E4-57520779FFCB}"
EndProject
Project("{2150E333-8FDC-42A3-9474-1A3956D46DE8}") = "03.Core", "03.Core", "{176D17D3-12CE-4EAA-BC5F-B13A72CDCC07}"
EndProject
Project("{9A19103F-16F7-4668-BE54-9A1E7A4F7556}") = "Sinyi.Caching.Redis", "Sinyi.Caching.Redis\Sinyi.Caching.Redis.csproj", "{B00E3AAE-B3B1-4C8E-912C-F1A21CEDABDD}"
EndProject
Project("{9A19103F-16F7-4668-BE54-9A1E7A4F7556}") = "Sinyi.Caching.Memory", "Sinyi.Caching.Memory\Sinyi.Caching.Memory.csproj", "{A14E2AAB-21E0-4ED0-B769-9676901C5284}"
EndProject
Project("{9A19103F-16F7-4668-BE54-9A1E7A4F7556}") = "Sinyi.Caching.Memory.Hosting", "Sinyi.Caching.Memory.Hosting\Sinyi.Caching.Memory.Hosting.csproj", "{773958DD-CDE3-4CAC-BE1E-C73A5BD09F74}"
EndProject
Project("{9A19103F-16F7-4668-BE54-9A1E7A4F7556}") = "Sinyi.Caching.Redis.Hosting", "Sinyi.Caching.Redis.Hosting\Sinyi.Caching.Redis.Hosting.csproj", "{C9207A83-646B-4C7F-919C-B007CD1EB46A}"
EndProject
Project("{9A19103F-16F7-4668-BE54-9A1E7A4F7556}") = "Sinyi.Caching.Memory.Services", "Sinyi.Caching.Memory.Services\Sinyi.Caching.Memory.Services.csproj", "{4AD17332-A0F4-4971-8CD0-67C49BC5C4B7}"
EndProject
Global
	GlobalSection(SolutionConfigurationPlatforms) = preSolution
		Debug|Any CPU = Debug|Any CPU
		Release|Any CPU = Release|Any CPU
	EndGlobalSection
	GlobalSection(ProjectConfigurationPlatforms) = postSolution
		{3F8DF0D3-A522-4747-AB73-EC822668CEDB}.Debug|Any CPU.ActiveCfg = Debug|Any CPU
		{3F8DF0D3-A522-4747-AB73-EC822668CEDB}.Debug|Any CPU.Build.0 = Debug|Any CPU
		{3F8DF0D3-A522-4747-AB73-EC822668CEDB}.Release|Any CPU.ActiveCfg = Release|Any CPU
		{3F8DF0D3-A522-4747-AB73-EC822668CEDB}.Release|Any CPU.Build.0 = Release|Any CPU
		{D9097741-71AB-4FD3-A168-3CC57208A4E9}.Debug|Any CPU.ActiveCfg = Debug|Any CPU
		{D9097741-71AB-4FD3-A168-3CC57208A4E9}.Debug|Any CPU.Build.0 = Debug|Any CPU
		{D9097741-71AB-4FD3-A168-3CC57208A4E9}.Release|Any CPU.ActiveCfg = Release|Any CPU
		{D9097741-71AB-4FD3-A168-3CC57208A4E9}.Release|Any CPU.Build.0 = Release|Any CPU
		{5F02B73C-3AE3-4E17-9EBA-16A796A02FA1}.Debug|Any CPU.ActiveCfg = Debug|Any CPU
		{5F02B73C-3AE3-4E17-9EBA-16A796A02FA1}.Debug|Any CPU.Build.0 = Debug|Any CPU
		{5F02B73C-3AE3-4E17-9EBA-16A796A02FA1}.Release|Any CPU.ActiveCfg = Release|Any CPU
		{5F02B73C-3AE3-4E17-9EBA-16A796A02FA1}.Release|Any CPU.Build.0 = Release|Any CPU
		{D5DCB72F-1C18-404A-B5DA-EC98D2AB5ABD}.Debug|Any CPU.ActiveCfg = Debug|Any CPU
		{D5DCB72F-1C18-404A-B5DA-EC98D2AB5ABD}.Debug|Any CPU.Build.0 = Debug|Any CPU
		{D5DCB72F-1C18-404A-B5DA-EC98D2AB5ABD}.Release|Any CPU.ActiveCfg = Release|Any CPU
		{D5DCB72F-1C18-404A-B5DA-EC98D2AB5ABD}.Release|Any CPU.Build.0 = Release|Any CPU
		{D521AF83-F809-4555-8E3D-3F76E35DF388}.Debug|Any CPU.ActiveCfg = Debug|Any CPU
		{D521AF83-F809-4555-8E3D-3F76E35DF388}.Debug|Any CPU.Build.0 = Debug|Any CPU
		{D521AF83-F809-4555-8E3D-3F76E35DF388}.Release|Any CPU.ActiveCfg = Release|Any CPU
		{D521AF83-F809-4555-8E3D-3F76E35DF388}.Release|Any CPU.Build.0 = Release|Any CPU
		{95617A39-200A-46AD-960B-1E949A7FC6D0}.Debug|Any CPU.ActiveCfg = Debug|Any CPU
		{95617A39-200A-46AD-960B-1E949A7FC6D0}.Debug|Any CPU.Build.0 = Debug|Any CPU
		{95617A39-200A-46AD-960B-1E949A7FC6D0}.Release|Any CPU.ActiveCfg = Release|Any CPU
		{95617A39-200A-46AD-960B-1E949A7FC6D0}.Release|Any CPU.Build.0 = Release|Any CPU
		{9DA4876F-D3F0-41D9-88E4-57520779FFCB}.Debug|Any CPU.ActiveCfg = Debug|Any CPU
		{9DA4876F-D3F0-41D9-88E4-57520779FFCB}.Debug|Any CPU.Build.0 = Debug|Any CPU
		{9DA4876F-D3F0-41D9-88E4-57520779FFCB}.Release|Any CPU.ActiveCfg = Release|Any CPU
		{9DA4876F-D3F0-41D9-88E4-57520779FFCB}.Release|Any CPU.Build.0 = Release|Any CPU
		{B00E3AAE-B3B1-4C8E-912C-F1A21CEDABDD}.Debug|Any CPU.ActiveCfg = Debug|Any CPU
		{B00E3AAE-B3B1-4C8E-912C-F1A21CEDABDD}.Debug|Any CPU.Build.0 = Debug|Any CPU
		{B00E3AAE-B3B1-4C8E-912C-F1A21CEDABDD}.Release|Any CPU.ActiveCfg = Release|Any CPU
		{B00E3AAE-B3B1-4C8E-912C-F1A21CEDABDD}.Release|Any CPU.Build.0 = Release|Any CPU
		{A14E2AAB-21E0-4ED0-B769-9676901C5284}.Debug|Any CPU.ActiveCfg = Debug|Any CPU
		{A14E2AAB-21E0-4ED0-B769-9676901C5284}.Debug|Any CPU.Build.0 = Debug|Any CPU
		{A14E2AAB-21E0-4ED0-B769-9676901C5284}.Release|Any CPU.ActiveCfg = Release|Any CPU
		{A14E2AAB-21E0-4ED0-B769-9676901C5284}.Release|Any CPU.Build.0 = Release|Any CPU
		{773958DD-CDE3-4CAC-BE1E-C73A5BD09F74}.Debug|Any CPU.ActiveCfg = Debug|Any CPU
		{773958DD-CDE3-4CAC-BE1E-C73A5BD09F74}.Debug|Any CPU.Build.0 = Debug|Any CPU
		{773958DD-CDE3-4CAC-BE1E-C73A5BD09F74}.Release|Any CPU.ActiveCfg = Release|Any CPU
		{773958DD-CDE3-4CAC-BE1E-C73A5BD09F74}.Release|Any CPU.Build.0 = Release|Any CPU
		{C9207A83-646B-4C7F-919C-B007CD1EB46A}.Debug|Any CPU.ActiveCfg = Debug|Any CPU
		{C9207A83-646B-4C7F-919C-B007CD1EB46A}.Debug|Any CPU.Build.0 = Debug|Any CPU
		{C9207A83-646B-4C7F-919C-B007CD1EB46A}.Release|Any CPU.ActiveCfg = Release|Any CPU
		{C9207A83-646B-4C7F-919C-B007CD1EB46A}.Release|Any CPU.Build.0 = Release|Any CPU
		{4AD17332-A0F4-4971-8CD0-67C49BC5C4B7}.Debug|Any CPU.ActiveCfg = Debug|Any CPU
		{4AD17332-A0F4-4971-8CD0-67C49BC5C4B7}.Debug|Any CPU.Build.0 = Debug|Any CPU
		{4AD17332-A0F4-4971-8CD0-67C49BC5C4B7}.Release|Any CPU.ActiveCfg = Release|Any CPU
		{4AD17332-A0F4-4971-8CD0-67C49BC5C4B7}.Release|Any CPU.Build.0 = Release|Any CPU
	EndGlobalSection
	GlobalSection(SolutionProperties) = preSolution
		HideSolutionNode = FALSE
	EndGlobalSection
	GlobalSection(NestedProjects) = preSolution
		{88E74EFB-7014-444B-9892-98FF4727938C} = {53021181-D826-469A-9BD6-676EA6A14149}
		{3F8DF0D3-A522-4747-AB73-EC822668CEDB} = {88E74EFB-7014-444B-9892-98FF4727938C}
		{D9097741-71AB-4FD3-A168-3CC57208A4E9} = {88E74EFB-7014-444B-9892-98FF4727938C}
		{5F02B73C-3AE3-4E17-9EBA-16A796A02FA1} = {88E74EFB-7014-444B-9892-98FF4727938C}
		{D5DCB72F-1C18-404A-B5DA-EC98D2AB5ABD} = {88E74EFB-7014-444B-9892-98FF4727938C}
		{D521AF83-F809-4555-8E3D-3F76E35DF388} = {3709B67C-91FB-4FBE-80C9-8DF0B3A62BAB}
		{95617A39-200A-46AD-960B-1E949A7FC6D0} = {3709B67C-91FB-4FBE-80C9-8DF0B3A62BAB}
		{A3EF8A23-FE45-4315-844A-8B3FAC9B8DE0} = {176D17D3-12CE-4EAA-BC5F-B13A72CDCC07}
		{53021181-D826-469A-9BD6-676EA6A14149} = {02C944F4-06EB-449E-8DFF-FF674537E3DB}
		{9DA4876F-D3F0-41D9-88E4-57520779FFCB} = {A3EF8A23-FE45-4315-844A-8B3FAC9B8DE0}
		{B00E3AAE-B3B1-4C8E-912C-F1A21CEDABDD} = {A3EF8A23-FE45-4315-844A-8B3FAC9B8DE0}
		{A14E2AAB-21E0-4ED0-B769-9676901C5284} = {A3EF8A23-FE45-4315-844A-8B3FAC9B8DE0}
		{773958DD-CDE3-4CAC-BE1E-C73A5BD09F74} = {A3EF8A23-FE45-4315-844A-8B3FAC9B8DE0}
		{C9207A83-646B-4C7F-919C-B007CD1EB46A} = {A3EF8A23-FE45-4315-844A-8B3FAC9B8DE0}
		{4AD17332-A0F4-4971-8CD0-67C49BC5C4B7} = {A3EF8A23-FE45-4315-844A-8B3FAC9B8DE0}
	EndGlobalSection
	GlobalSection(ExtensibilityGlobals) = postSolution
		SolutionGuid = {25EFCCC9-D06F-4E4F-812E-9C006F6A319C}
	EndGlobalSection
EndGlobal
